
Microsoft Visual Studio Solution File, Format Version 12.00
# Visual Studio 15
Project("{FAE04EC0-301F-11D3-BF4B-00C04F79EFBC}") = "proj", "proj.csproj", "{78A59BBA-0831-D45D-D1D6-18244E5F33DC}"
EndProject
Global
	GlobalSection(SolutionConfigurationPlatforms) = preSolution
		Debug|Any CPU = Debug|Any CPU
		Release|Any CPU = Release|Any CPU
	EndGlobalSection
	GlobalSection(ProjectConfigurationPlatforms) = postSolution
		{78A59BBA-0831-D45D-D1D6-18244E5F33DC}.Debug|Any CPU.ActiveCfg = Debug|Any CPU
		{78A59BBA-0831-D45D-D1D6-18244E5F33DC}.Debug|Any CPU.Build.0 = Debug|Any CPU
		{78A59BBA-0831-D45D-D1D6-18244E5F33DC}.Release|Any CPU.ActiveCfg = Release|Any CPU
		{78A59BBA-0831-D45D-D1D6-18244E5F33DC}.Release|Any CPU.Build.0 = Release|Any CPU
	EndGlobalSection
	GlobalSection(SolutionProperties) = preSolution
		HideSolutionNode = FALSE
	EndGlobalSection
EndGlobal
